// !$*UTF8*$!
{
	archiveVersion = 1;
	classes = {
	};
	objectVersion = 55;
	objects = {

/* Begin PBXBuildFile section */
		0400630228182B240069FB39 /* ItemController.swift in Sources */ = {isa = PBXBuildFile; fileRef = 0400630128182B240069FB39 /* ItemController.swift */; };
		0426B0E427DABD1A00AC348E /* TriVertexCoordinate.swift in Sources */ = {isa = PBXBuildFile; fileRef = 0426B0E327DABD1A00AC348E /* TriVertexCoordinate.swift */; };
		0426B0E527DABD1A00AC348E /* TriVertexCoordinate.swift in Sources */ = {isa = PBXBuildFile; fileRef = 0426B0E327DABD1A00AC348E /* TriVertexCoordinate.swift */; };
		0426B0E727DB93FF00AC348E /* DrawTriShape.swift in Sources */ = {isa = PBXBuildFile; fileRef = 0426B0E627DB93FF00AC348E /* DrawTriShape.swift */; };
		0426B0E827DB93FF00AC348E /* DrawTriShape.swift in Sources */ = {isa = PBXBuildFile; fileRef = 0426B0E627DB93FF00AC348E /* DrawTriShape.swift */; };
		0426B0EA27DC48FF00AC348E /* TriangleView.swift in Sources */ = {isa = PBXBuildFile; fileRef = 045121B527D21BE800936E2C /* TriangleView.swift */; };
		0426B0F227DF29EF00AC348E /* TriangleTapActionItem.swift in Sources */ = {isa = PBXBuildFile; fileRef = 0426B0F127DF29EF00AC348E /* TriangleTapActionItem.swift */; };
		0426B0F427DF460000AC348E /* ActionItemView.swift in Sources */ = {isa = PBXBuildFile; fileRef = 0426B0F327DF460000AC348E /* ActionItemView.swift */; };
		044AD42227F9AA8F00D96CED /* ScoreView.swift in Sources */ = {isa = PBXBuildFile; fileRef = 044AD42127F9AA8F00D96CED /* ScoreView.swift */; };
		044AD42427FAF7A300D96CED /* ScoreModel.swift in Sources */ = {isa = PBXBuildFile; fileRef = 044AD42327FAF7A300D96CED /* ScoreModel.swift */; };
		044AD42627FB100B00D96CED /* UpGradeView.swift in Sources */ = {isa = PBXBuildFile; fileRef = 044AD42527FB100B00D96CED /* UpGradeView.swift */; };
		044AD42827FB240400D96CED /* UpgradeModel.swift in Sources */ = {isa = PBXBuildFile; fileRef = 044AD42727FB240400D96CED /* UpgradeModel.swift */; };
		044AD42A27FB2E3E00D96CED /* SaveData.swift in Sources */ = {isa = PBXBuildFile; fileRef = 044AD42927FB2E3E00D96CED /* SaveData.swift */; };
		044AD42F27FFF64C00D96CED /* GameParameters.swift in Sources */ = {isa = PBXBuildFile; fileRef = 044AD42E27FFF64C00D96CED /* GameParameters.swift */; };
		044AD4312804531700D96CED /* regularPolygon.swift in Sources */ = {isa = PBXBuildFile; fileRef = 044AD4302804531700D96CED /* regularPolygon.swift */; };
		045121A227D2187600936E2C /* Triangles_and_the_BranceApp.swift in Sources */ = {isa = PBXBuildFile; fileRef = 045121A127D2187600936E2C /* Triangles_and_the_BranceApp.swift */; };
		045121A427D2187600936E2C /* ContentView.swift in Sources */ = {isa = PBXBuildFile; fileRef = 045121A327D2187600936E2C /* ContentView.swift */; };
		045121A627D2187700936E2C /* Assets.xcassets in Resources */ = {isa = PBXBuildFile; fileRef = 045121A527D2187700936E2C /* Assets.xcassets */; };
		045121A927D2187700936E2C /* Preview Assets.xcassets in Resources */ = {isa = PBXBuildFile; fileRef = 045121A827D2187700936E2C /* Preview Assets.xcassets */; };
		045121B227D21B1200936E2C /* StageView.swift in Sources */ = {isa = PBXBuildFile; fileRef = 045121B127D21B1200936E2C /* StageView.swift */; };
		045121B427D21B5E00936E2C /* TriangleModel.swift in Sources */ = {isa = PBXBuildFile; fileRef = 045121B327D21B5E00936E2C /* TriangleModel.swift */; };
		045121B627D21BE800936E2C /* TriangleView.swift in Sources */ = {isa = PBXBuildFile; fileRef = 045121B527D21BE800936E2C /* TriangleView.swift */; };
		045121B827D31F5000936E2C /* ColorExtension.swift in Sources */ = {isa = PBXBuildFile; fileRef = 045121B727D31F5000936E2C /* ColorExtension.swift */; };
		045121BA27D43EAB00936E2C /* GameModel.swift in Sources */ = {isa = PBXBuildFile; fileRef = 045121B927D43EAB00936E2C /* GameModel.swift */; };
		045121C227D44DB300936E2C /* Triangles_and_the_BranceTests.swift in Sources */ = {isa = PBXBuildFile; fileRef = 045121C127D44DB300936E2C /* Triangles_and_the_BranceTests.swift */; };
		0458236E27E2C542007800AC /* DrawTriangleFromCenter.swift in Sources */ = {isa = PBXBuildFile; fileRef = 0458236D27E2C542007800AC /* DrawTriangleFromCenter.swift */; };
		0458239327E4C62B007800AC /* ActionItem_PyramidView.swift in Sources */ = {isa = PBXBuildFile; fileRef = 0458239227E4C62B007800AC /* ActionItem_PyramidView.swift */; };
		0458239527E54758007800AC /* TriangleContloller.swift in Sources */ = {isa = PBXBuildFile; fileRef = 0458239427E54758007800AC /* TriangleContloller.swift */; };
		0458239B27E72A3A007800AC /* BaranceView.swift in Sources */ = {isa = PBXBuildFile; fileRef = 0458239A27E72A3A007800AC /* BaranceView.swift */; };
		045A2059283CB51E003704C3 /* CoreDataModel.xcdatamodeld in Sources */ = {isa = PBXBuildFile; fileRef = 045A2057283CB51E003704C3 /* CoreDataModel.xcdatamodeld */; };
		046FB85027EF0C8800854EFE /* StaticStageObjects.swift in Sources */ = {isa = PBXBuildFile; fileRef = 046FB84F27EF0C8800854EFE /* StaticStageObjects.swift */; };
		046FB85427F19D8600854EFE /* BackgroundRectangle.swift in Sources */ = {isa = PBXBuildFile; fileRef = 046FB85327F19D8600854EFE /* BackgroundRectangle.swift */; };
		04E0197B28606CDC001D2AAE /* ActionItemAllOverView.swift in Sources */ = {isa = PBXBuildFile; fileRef = 04E0197A28606CDC001D2AAE /* ActionItemAllOverView.swift */; };
		04F0B028280AFA4900D1172C /* BaranceCircleView.swift in Sources */ = {isa = PBXBuildFile; fileRef = 04F0B027280AFA4900D1172C /* BaranceCircleView.swift */; };
		04F0B02A280B055200D1172C /* BaranceViewContloller.swift in Sources */ = {isa = PBXBuildFile; fileRef = 04F0B029280B055200D1172C /* BaranceViewContloller.swift */; };
		04F0B02C280EA28B00D1172C /* ActionProgressView.swift in Sources */ = {isa = PBXBuildFile; fileRef = 04F0B02B280EA28B00D1172C /* ActionProgressView.swift */; };
/* End PBXBuildFile section */

/* Begin PBXContainerItemProxy section */
		045121C327D44DB300936E2C /* PBXContainerItemProxy */ = {
			isa = PBXContainerItemProxy;
			containerPortal = 0451219627D2187600936E2C /* Project object */;
			proxyType = 1;
			remoteGlobalIDString = 0451219D27D2187600936E2C;
			remoteInfo = "Triangles and the Brance";
		};
/* End PBXContainerItemProxy section */

/* Begin PBXFileReference section */
		0400630128182B240069FB39 /* ItemController.swift */ = {isa = PBXFileReference; lastKnownFileType = sourcecode.swift; path = ItemController.swift; sourceTree = "<group>"; };
		0426B0E327DABD1A00AC348E /* TriVertexCoordinate.swift */ = {isa = PBXFileReference; lastKnownFileType = sourcecode.swift; path = TriVertexCoordinate.swift; sourceTree = "<group>"; };
		0426B0E627DB93FF00AC348E /* DrawTriShape.swift */ = {isa = PBXFileReference; lastKnownFileType = sourcecode.swift; path = DrawTriShape.swift; sourceTree = "<group>"; };
		0426B0F127DF29EF00AC348E /* TriangleTapActionItem.swift */ = {isa = PBXFileReference; lastKnownFileType = sourcecode.swift; path = TriangleTapActionItem.swift; sourceTree = "<group>"; };
		0426B0F327DF460000AC348E /* ActionItemView.swift */ = {isa = PBXFileReference; lastKnownFileType = sourcecode.swift; path = ActionItemView.swift; sourceTree = "<group>"; };
		044AD42127F9AA8F00D96CED /* ScoreView.swift */ = {isa = PBXFileReference; lastKnownFileType = sourcecode.swift; path = ScoreView.swift; sourceTree = "<group>"; };
		044AD42327FAF7A300D96CED /* ScoreModel.swift */ = {isa = PBXFileReference; lastKnownFileType = sourcecode.swift; path = ScoreModel.swift; sourceTree = "<group>"; };
		044AD42527FB100B00D96CED /* UpGradeView.swift */ = {isa = PBXFileReference; lastKnownFileType = sourcecode.swift; path = UpGradeView.swift; sourceTree = "<group>"; };
		044AD42727FB240400D96CED /* UpgradeModel.swift */ = {isa = PBXFileReference; lastKnownFileType = sourcecode.swift; path = UpgradeModel.swift; sourceTree = "<group>"; };
		044AD42927FB2E3E00D96CED /* SaveData.swift */ = {isa = PBXFileReference; lastKnownFileType = sourcecode.swift; path = SaveData.swift; sourceTree = "<group>"; };
		044AD42E27FFF64C00D96CED /* GameParameters.swift */ = {isa = PBXFileReference; lastKnownFileType = sourcecode.swift; path = GameParameters.swift; sourceTree = "<group>"; };
		044AD4302804531700D96CED /* regularPolygon.swift */ = {isa = PBXFileReference; lastKnownFileType = sourcecode.swift; path = regularPolygon.swift; sourceTree = "<group>"; };
		0451219E27D2187600936E2C /* Triangles and the Brance.app */ = {isa = PBXFileReference; explicitFileType = wrapper.application; includeInIndex = 0; path = "Triangles and the Brance.app"; sourceTree = BUILT_PRODUCTS_DIR; };
		045121A127D2187600936E2C /* Triangles_and_the_BranceApp.swift */ = {isa = PBXFileReference; lastKnownFileType = sourcecode.swift; path = Triangles_and_the_BranceApp.swift; sourceTree = "<group>"; };
		045121A327D2187600936E2C /* ContentView.swift */ = {isa = PBXFileReference; lastKnownFileType = sourcecode.swift; path = ContentView.swift; sourceTree = "<group>"; };
		045121A527D2187700936E2C /* Assets.xcassets */ = {isa = PBXFileReference; lastKnownFileType = folder.assetcatalog; path = Assets.xcassets; sourceTree = "<group>"; };
		045121A827D2187700936E2C /* Preview Assets.xcassets */ = {isa = PBXFileReference; lastKnownFileType = folder.assetcatalog; path = "Preview Assets.xcassets"; sourceTree = "<group>"; };
		045121B127D21B1200936E2C /* StageView.swift */ = {isa = PBXFileReference; lastKnownFileType = sourcecode.swift; path = StageView.swift; sourceTree = "<group>"; };
		045121B327D21B5E00936E2C /* TriangleModel.swift */ = {isa = PBXFileReference; lastKnownFileType = sourcecode.swift; path = TriangleModel.swift; sourceTree = "<group>"; };
		045121B527D21BE800936E2C /* TriangleView.swift */ = {isa = PBXFileReference; lastKnownFileType = sourcecode.swift; path = TriangleView.swift; sourceTree = "<group>"; };
		045121B727D31F5000936E2C /* ColorExtension.swift */ = {isa = PBXFileReference; lastKnownFileType = sourcecode.swift; path = ColorExtension.swift; sourceTree = "<group>"; };
		045121B927D43EAB00936E2C /* GameModel.swift */ = {isa = PBXFileReference; lastKnownFileType = sourcecode.swift; path = GameModel.swift; sourceTree = "<group>"; };
		045121BF27D44DB300936E2C /* Triangles and the BranceTests.xctest */ = {isa = PBXFileReference; explicitFileType = wrapper.cfbundle; includeInIndex = 0; path = "Triangles and the BranceTests.xctest"; sourceTree = BUILT_PRODUCTS_DIR; };
		045121C127D44DB300936E2C /* Triangles_and_the_BranceTests.swift */ = {isa = PBXFileReference; lastKnownFileType = sourcecode.swift; path = Triangles_and_the_BranceTests.swift; sourceTree = "<group>"; };
		0458236D27E2C542007800AC /* DrawTriangleFromCenter.swift */ = {isa = PBXFileReference; lastKnownFileType = sourcecode.swift; path = DrawTriangleFromCenter.swift; sourceTree = "<group>"; };
		0458239227E4C62B007800AC /* ActionItem_PyramidView.swift */ = {isa = PBXFileReference; lastKnownFileType = sourcecode.swift; path = ActionItem_PyramidView.swift; sourceTree = "<group>"; };
		0458239427E54758007800AC /* TriangleContloller.swift */ = {isa = PBXFileReference; lastKnownFileType = sourcecode.swift; path = TriangleContloller.swift; sourceTree = "<group>"; };
		0458239A27E72A3A007800AC /* BaranceView.swift */ = {isa = PBXFileReference; lastKnownFileType = sourcecode.swift; path = BaranceView.swift; sourceTree = "<group>"; };
		045A2058283CB51E003704C3 /* CoreDataModel.xcdatamodel */ = {isa = PBXFileReference; lastKnownFileType = wrapper.xcdatamodel; path = CoreDataModel.xcdatamodel; sourceTree = "<group>"; };
		046FB84F27EF0C8800854EFE /* StaticStageObjects.swift */ = {isa = PBXFileReference; lastKnownFileType = sourcecode.swift; path = StaticStageObjects.swift; sourceTree = "<group>"; };
		046FB85327F19D8600854EFE /* BackgroundRectangle.swift */ = {isa = PBXFileReference; lastKnownFileType = sourcecode.swift; path = BackgroundRectangle.swift; sourceTree = "<group>"; };
		04E0197A28606CDC001D2AAE /* ActionItemAllOverView.swift */ = {isa = PBXFileReference; lastKnownFileType = sourcecode.swift; path = ActionItemAllOverView.swift; sourceTree = "<group>"; };
		04F0B027280AFA4900D1172C /* BaranceCircleView.swift */ = {isa = PBXFileReference; lastKnownFileType = sourcecode.swift; path = BaranceCircleView.swift; sourceTree = "<group>"; };
		04F0B029280B055200D1172C /* BaranceViewContloller.swift */ = {isa = PBXFileReference; lastKnownFileType = sourcecode.swift; path = BaranceViewContloller.swift; sourceTree = "<group>"; };
		04F0B02B280EA28B00D1172C /* ActionProgressView.swift */ = {isa = PBXFileReference; lastKnownFileType = sourcecode.swift; path = ActionProgressView.swift; sourceTree = "<group>"; };
/* End PBXFileReference section */

/* Begin PBXFrameworksBuildPhase section */
		0451219B27D2187600936E2C /* Frameworks */ = {
			isa = PBXFrameworksBuildPhase;
			buildActionMask = 2147483647;
			files = (
			);
			runOnlyForDeploymentPostprocessing = 0;
		};
		045121BC27D44DB300936E2C /* Frameworks */ = {
			isa = PBXFrameworksBuildPhase;
			buildActionMask = 2147483647;
			files = (
			);
			runOnlyForDeploymentPostprocessing = 0;
		};
/* End PBXFrameworksBuildPhase section */

/* Begin PBXGroup section */
		0426B0E927DC48AE00AC348E /* DrawShape */ = {
			isa = PBXGroup;
			children = (
				0458236D27E2C542007800AC /* DrawTriangleFromCenter.swift */,
				044AD4302804531700D96CED /* regularPolygon.swift */,
				0426B0E627DB93FF00AC348E /* DrawTriShape.swift */,
				0426B0E327DABD1A00AC348E /* TriVertexCoordinate.swift */,
				046FB85327F19D8600854EFE /* BackgroundRectangle.swift */,
			);
			path = DrawShape;
			sourceTree = "<group>";
		};
		044AD42B27FEBD0E00D96CED /* ResultViews */ = {
			isa = PBXGroup;
			children = (
				044AD42127F9AA8F00D96CED /* ScoreView.swift */,
				044AD42327FAF7A300D96CED /* ScoreModel.swift */,
				044AD42527FB100B00D96CED /* UpGradeView.swift */,
				044AD42727FB240400D96CED /* UpgradeModel.swift */,
			);
			path = ResultViews;
			sourceTree = "<group>";
		};
		044AD4342806D3F600D96CED /* Triangles */ = {
			isa = PBXGroup;
			children = (
				045121B527D21BE800936E2C /* TriangleView.swift */,
				0458239427E54758007800AC /* TriangleContloller.swift */,
				045121B327D21B5E00936E2C /* TriangleModel.swift */,
			);
			path = Triangles;
			sourceTree = "<group>";
		};
		0451219527D2187600936E2C = {
			isa = PBXGroup;
			children = (
				045121A027D2187600936E2C /* Triangles and the Brance */,
				045121C027D44DB300936E2C /* Triangles and the BranceTests */,
				0451219F27D2187600936E2C /* Products */,
			);
			sourceTree = "<group>";
		};
		0451219F27D2187600936E2C /* Products */ = {
			isa = PBXGroup;
			children = (
				0451219E27D2187600936E2C /* Triangles and the Brance.app */,
				045121BF27D44DB300936E2C /* Triangles and the BranceTests.xctest */,
			);
			name = Products;
			sourceTree = "<group>";
		};
		045121A027D2187600936E2C /* Triangles and the Brance */ = {
			isa = PBXGroup;
			children = (
				045121A127D2187600936E2C /* Triangles_and_the_BranceApp.swift */,
				0458237027E41E25007800AC /* GameModels */,
				0458236F27E41E0A007800AC /* Views */,
				0426B0E927DC48AE00AC348E /* DrawShape */,
				044AD4342806D3F600D96CED /* Triangles */,
				0458237127E45223007800AC /* ActionItem */,
				04F0B026280AFA0D00D1172C /* BaranceView */,
				044AD42B27FEBD0E00D96CED /* ResultViews */,
				045121A527D2187700936E2C /* Assets.xcassets */,
				045121A727D2187700936E2C /* Preview Content */,
			);
			path = "Triangles and the Brance";
			sourceTree = "<group>";
		};
		045121A727D2187700936E2C /* Preview Content */ = {
			isa = PBXGroup;
			children = (
				045121A827D2187700936E2C /* Preview Assets.xcassets */,
			);
			path = "Preview Content";
			sourceTree = "<group>";
		};
		045121C027D44DB300936E2C /* Triangles and the BranceTests */ = {
			isa = PBXGroup;
			children = (
				045121C127D44DB300936E2C /* Triangles_and_the_BranceTests.swift */,
			);
			path = "Triangles and the BranceTests";
			sourceTree = "<group>";
		};
		0458236F27E41E0A007800AC /* Views */ = {
			isa = PBXGroup;
			children = (
				045121B727D31F5000936E2C /* ColorExtension.swift */,
				045121A327D2187600936E2C /* ContentView.swift */,
				045121B127D21B1200936E2C /* StageView.swift */,
				046FB84F27EF0C8800854EFE /* StaticStageObjects.swift */,
			);
			path = Views;
			sourceTree = "<group>";
		};
		0458237027E41E25007800AC /* GameModels */ = {
			isa = PBXGroup;
			children = (
				045121B927D43EAB00936E2C /* GameModel.swift */,
				044AD42E27FFF64C00D96CED /* GameParameters.swift */,
				044AD42927FB2E3E00D96CED /* SaveData.swift */,
				045A2057283CB51E003704C3 /* CoreDataModel.xcdatamodeld */,
			);
			path = GameModels;
			sourceTree = "<group>";
		};
		0458237127E45223007800AC /* ActionItem */ = {
			isa = PBXGroup;
			children = (
				0426B0F327DF460000AC348E /* ActionItemView.swift */,
				0426B0F127DF29EF00AC348E /* TriangleTapActionItem.swift */,
				04F0B02B280EA28B00D1172C /* ActionProgressView.swift */,
				0458239227E4C62B007800AC /* ActionItem_PyramidView.swift */,
				0400630128182B240069FB39 /* ItemController.swift */,
				04E0197A28606CDC001D2AAE /* ActionItemAllOverView.swift */,
			);
			path = ActionItem;
			sourceTree = "<group>";
		};
		04F0B026280AFA0D00D1172C /* BaranceView */ = {
			isa = PBXGroup;
			children = (
				0458239A27E72A3A007800AC /* BaranceView.swift */,
				04F0B029280B055200D1172C /* BaranceViewContloller.swift */,
				04F0B027280AFA4900D1172C /* BaranceCircleView.swift */,
			);
			path = BaranceView;
			sourceTree = "<group>";
		};
/* End PBXGroup section */

/* Begin PBXNativeTarget section */
		0451219D27D2187600936E2C /* Triangles and the Brance */ = {
			isa = PBXNativeTarget;
			buildConfigurationList = 045121AC27D2187700936E2C /* Build configuration list for PBXNativeTarget "Triangles and the Brance" */;
			buildPhases = (
				0451219A27D2187600936E2C /* Sources */,
				0451219B27D2187600936E2C /* Frameworks */,
				0451219C27D2187600936E2C /* Resources */,
			);
			buildRules = (
			);
			dependencies = (
			);
			name = "Triangles and the Brance";
			productName = "Triangles and the Brance";
			productReference = 0451219E27D2187600936E2C /* Triangles and the Brance.app */;
			productType = "com.apple.product-type.application";
		};
		045121BE27D44DB300936E2C /* Triangles and the BranceTests */ = {
			isa = PBXNativeTarget;
			buildConfigurationList = 045121C527D44DB300936E2C /* Build configuration list for PBXNativeTarget "Triangles and the BranceTests" */;
			buildPhases = (
				045121BB27D44DB300936E2C /* Sources */,
				045121BC27D44DB300936E2C /* Frameworks */,
				045121BD27D44DB300936E2C /* Resources */,
			);
			buildRules = (
			);
			dependencies = (
				045121C427D44DB300936E2C /* PBXTargetDependency */,
			);
			name = "Triangles and the BranceTests";
			productName = "Triangles and the BranceTests";
			productReference = 045121BF27D44DB300936E2C /* Triangles and the BranceTests.xctest */;
			productType = "com.apple.product-type.bundle.unit-test";
		};
/* End PBXNativeTarget section */

/* Begin PBXProject section */
		0451219627D2187600936E2C /* Project object */ = {
			isa = PBXProject;
			attributes = {
				BuildIndependentTargetsInParallel = 1;
				LastSwiftUpdateCheck = 1320;
				LastUpgradeCheck = 1320;
				TargetAttributes = {
					0451219D27D2187600936E2C = {
						CreatedOnToolsVersion = 13.2.1;
					};
					045121BE27D44DB300936E2C = {
						CreatedOnToolsVersion = 13.2.1;
						TestTargetID = 0451219D27D2187600936E2C;
					};
				};
			};
			buildConfigurationList = 0451219927D2187600936E2C /* Build configuration list for PBXProject "Triangles and the Brance" */;
			compatibilityVersion = "Xcode 13.0";
			developmentRegion = en;
			hasScannedForEncodings = 0;
			knownRegions = (
				en,
				Base,
			);
			mainGroup = 0451219527D2187600936E2C;
			productRefGroup = 0451219F27D2187600936E2C /* Products */;
			projectDirPath = "";
			projectRoot = "";
			targets = (
				0451219D27D2187600936E2C /* Triangles and the Brance */,
				045121BE27D44DB300936E2C /* Triangles and the BranceTests */,
			);
		};
/* End PBXProject section */

/* Begin PBXResourcesBuildPhase section */
		0451219C27D2187600936E2C /* Resources */ = {
			isa = PBXResourcesBuildPhase;
			buildActionMask = 2147483647;
			files = (
				045121A927D2187700936E2C /* Preview Assets.xcassets in Resources */,
				045121A627D2187700936E2C /* Assets.xcassets in Resources */,
			);
			runOnlyForDeploymentPostprocessing = 0;
		};
		045121BD27D44DB300936E2C /* Resources */ = {
			isa = PBXResourcesBuildPhase;
			buildActionMask = 2147483647;
			files = (
			);
			runOnlyForDeploymentPostprocessing = 0;
		};
/* End PBXResourcesBuildPhase section */

/* Begin PBXSourcesBuildPhase section */
		0451219A27D2187600936E2C /* Sources */ = {
			isa = PBXSourcesBuildPhase;
			buildActionMask = 2147483647;
			files = (
				0458239327E4C62B007800AC /* ActionItem_PyramidView.swift in Sources */,
				044AD42627FB100B00D96CED /* UpGradeView.swift in Sources */,
				04F0B02A280B055200D1172C /* BaranceViewContloller.swift in Sources */,
				044AD42A27FB2E3E00D96CED /* SaveData.swift in Sources */,
				0400630228182B240069FB39 /* ItemController.swift in Sources */,
				04F0B028280AFA4900D1172C /* BaranceCircleView.swift in Sources */,
				045121BA27D43EAB00936E2C /* GameModel.swift in Sources */,
				045121A427D2187600936E2C /* ContentView.swift in Sources */,
				044AD42427FAF7A300D96CED /* ScoreModel.swift in Sources */,
				0458239B27E72A3A007800AC /* BaranceView.swift in Sources */,
				045121B427D21B5E00936E2C /* TriangleModel.swift in Sources */,
				045121B227D21B1200936E2C /* StageView.swift in Sources */,
				0426B0F427DF460000AC348E /* ActionItemView.swift in Sources */,
				0426B0E727DB93FF00AC348E /* DrawTriShape.swift in Sources */,
				045A2059283CB51E003704C3 /* CoreDataModel.xcdatamodeld in Sources */,
				046FB85027EF0C8800854EFE /* StaticStageObjects.swift in Sources */,
				044AD42227F9AA8F00D96CED /* ScoreView.swift in Sources */,
				044AD4312804531700D96CED /* regularPolygon.swift in Sources */,
				045121B827D31F5000936E2C /* ColorExtension.swift in Sources */,
				04F0B02C280EA28B00D1172C /* ActionProgressView.swift in Sources */,
				0426B0F227DF29EF00AC348E /* TriangleTapActionItem.swift in Sources */,
				04E0197B28606CDC001D2AAE /* ActionItemAllOverView.swift in Sources */,
				044AD42F27FFF64C00D96CED /* GameParameters.swift in Sources */,
				0458236E27E2C542007800AC /* DrawTriangleFromCenter.swift in Sources */,
				0426B0E427DABD1A00AC348E /* TriVertexCoordinate.swift in Sources */,
				046FB85427F19D8600854EFE /* BackgroundRectangle.swift in Sources */,
				0458239527E54758007800AC /* TriangleContloller.swift in Sources */,
				044AD42827FB240400D96CED /* UpgradeModel.swift in Sources */,
				045121A227D2187600936E2C /* Triangles_and_the_BranceApp.swift in Sources */,
				045121B627D21BE800936E2C /* TriangleView.swift in Sources */,
			);
			runOnlyForDeploymentPostprocessing = 0;
		};
		045121BB27D44DB300936E2C /* Sources */ = {
			isa = PBXSourcesBuildPhase;
			buildActionMask = 2147483647;
			files = (
				045121C227D44DB300936E2C /* Triangles_and_the_BranceTests.swift in Sources */,
				0426B0E827DB93FF00AC348E /* DrawTriShape.swift in Sources */,
				0426B0EA27DC48FF00AC348E /* TriangleView.swift in Sources */,
				0426B0E527DABD1A00AC348E /* TriVertexCoordinate.swift in Sources */,
			);
			runOnlyForDeploymentPostprocessing = 0;
		};
/* End PBXSourcesBuildPhase section */

/* Begin PBXTargetDependency section */
		045121C427D44DB300936E2C /* PBXTargetDependency */ = {
			isa = PBXTargetDependency;
			target = 0451219D27D2187600936E2C /* Triangles and the Brance */;
			targetProxy = 045121C327D44DB300936E2C /* PBXContainerItemProxy */;
		};
/* End PBXTargetDependency section */

/* Begin XCBuildConfiguration section */
		045121AA27D2187700936E2C /* Debug */ = {
			isa = XCBuildConfiguration;
			buildSettings = {
				ALWAYS_SEARCH_USER_PATHS = NO;
				CLANG_ANALYZER_NONNULL = YES;
				CLANG_ANALYZER_NUMBER_OBJECT_CONVERSION = YES_AGGRESSIVE;
				CLANG_CXX_LANGUAGE_STANDARD = "gnu++17";
				CLANG_CXX_LIBRARY = "libc++";
				CLANG_ENABLE_MODULES = YES;
				CLANG_ENABLE_OBJC_ARC = YES;
				CLANG_ENABLE_OBJC_WEAK = YES;
				CLANG_WARN_BLOCK_CAPTURE_AUTORELEASING = YES;
				CLANG_WARN_BOOL_CONVERSION = YES;
				CLANG_WARN_COMMA = YES;
				CLANG_WARN_CONSTANT_CONVERSION = YES;
				CLANG_WARN_DEPRECATED_OBJC_IMPLEMENTATIONS = YES;
				CLANG_WARN_DIRECT_OBJC_ISA_USAGE = YES_ERROR;
				CLANG_WARN_DOCUMENTATION_COMMENTS = YES;
				CLANG_WARN_EMPTY_BODY = YES;
				CLANG_WARN_ENUM_CONVERSION = YES;
				CLANG_WARN_INFINITE_RECURSION = YES;
				CLANG_WARN_INT_CONVERSION = YES;
				CLANG_WARN_NON_LITERAL_NULL_CONVERSION = YES;
				CLANG_WARN_OBJC_IMPLICIT_RETAIN_SELF = YES;
				CLANG_WARN_OBJC_LITERAL_CONVERSION = YES;
				CLANG_WARN_OBJC_ROOT_CLASS = YES_ERROR;
				CLANG_WARN_QUOTED_INCLUDE_IN_FRAMEWORK_HEADER = YES;
				CLANG_WARN_RANGE_LOOP_ANALYSIS = YES;
				CLANG_WARN_STRICT_PROTOTYPES = YES;
				CLANG_WARN_SUSPICIOUS_MOVE = YES;
				CLANG_WARN_UNGUARDED_AVAILABILITY = YES_AGGRESSIVE;
				CLANG_WARN_UNREACHABLE_CODE = YES;
				CLANG_WARN__DUPLICATE_METHOD_MATCH = YES;
				COPY_PHASE_STRIP = NO;
				DEBUG_INFORMATION_FORMAT = dwarf;
				ENABLE_STRICT_OBJC_MSGSEND = YES;
				ENABLE_TESTABILITY = YES;
				GCC_C_LANGUAGE_STANDARD = gnu11;
				GCC_DYNAMIC_NO_PIC = NO;
				GCC_NO_COMMON_BLOCKS = YES;
				GCC_OPTIMIZATION_LEVEL = 0;
				GCC_PREPROCESSOR_DEFINITIONS = (
					"DEBUG=1",
					"$(inherited)",
				);
				GCC_WARN_64_TO_32_BIT_CONVERSION = YES;
				GCC_WARN_ABOUT_RETURN_TYPE = YES_ERROR;
				GCC_WARN_UNDECLARED_SELECTOR = YES;
				GCC_WARN_UNINITIALIZED_AUTOS = YES_AGGRESSIVE;
				GCC_WARN_UNUSED_FUNCTION = YES;
				GCC_WARN_UNUSED_VARIABLE = YES;
				IPHONEOS_DEPLOYMENT_TARGET = 15.2;
				MTL_ENABLE_DEBUG_INFO = INCLUDE_SOURCE;
				MTL_FAST_MATH = YES;
				ONLY_ACTIVE_ARCH = YES;
				SDKROOT = iphoneos;
				SWIFT_ACTIVE_COMPILATION_CONDITIONS = DEBUG;
				SWIFT_OPTIMIZATION_LEVEL = "-Onone";
			};
			name = Debug;
		};
		045121AB27D2187700936E2C /* Release */ = {
			isa = XCBuildConfiguration;
			buildSettings = {
				ALWAYS_SEARCH_USER_PATHS = NO;
				CLANG_ANALYZER_NONNULL = YES;
				CLANG_ANALYZER_NUMBER_OBJECT_CONVERSION = YES_AGGRESSIVE;
				CLANG_CXX_LANGUAGE_STANDARD = "gnu++17";
				CLANG_CXX_LIBRARY = "libc++";
				CLANG_ENABLE_MODULES = YES;
				CLANG_ENABLE_OBJC_ARC = YES;
				CLANG_ENABLE_OBJC_WEAK = YES;
				CLANG_WARN_BLOCK_CAPTURE_AUTORELEASING = YES;
				CLANG_WARN_BOOL_CONVERSION = YES;
				CLANG_WARN_COMMA = YES;
				CLANG_WARN_CONSTANT_CONVERSION = YES;
				CLANG_WARN_DEPRECATED_OBJC_IMPLEMENTATIONS = YES;
				CLANG_WARN_DIRECT_OBJC_ISA_USAGE = YES_ERROR;
				CLANG_WARN_DOCUMENTATION_COMMENTS = YES;
				CLANG_WARN_EMPTY_BODY = YES;
				CLANG_WARN_ENUM_CONVERSION = YES;
				CLANG_WARN_INFINITE_RECURSION = YES;
				CLANG_WARN_INT_CONVERSION = YES;
				CLANG_WARN_NON_LITERAL_NULL_CONVERSION = YES;
				CLANG_WARN_OBJC_IMPLICIT_RETAIN_SELF = YES;
				CLANG_WARN_OBJC_LITERAL_CONVERSION = YES;
				CLANG_WARN_OBJC_ROOT_CLASS = YES_ERROR;
				CLANG_WARN_QUOTED_INCLUDE_IN_FRAMEWORK_HEADER = YES;
				CLANG_WARN_RANGE_LOOP_ANALYSIS = YES;
				CLANG_WARN_STRICT_PROTOTYPES = YES;
				CLANG_WARN_SUSPICIOUS_MOVE = YES;
				CLANG_WARN_UNGUARDED_AVAILABILITY = YES_AGGRESSIVE;
				CLANG_WARN_UNREACHABLE_CODE = YES;
				CLANG_WARN__DUPLICATE_METHOD_MATCH = YES;
				COPY_PHASE_STRIP = NO;
				DEBUG_INFORMATION_FORMAT = "dwarf-with-dsym";
				ENABLE_NS_ASSERTIONS = NO;
				ENABLE_STRICT_OBJC_MSGSEND = YES;
				GCC_C_LANGUAGE_STANDARD = gnu11;
				GCC_NO_COMMON_BLOCKS = YES;
				GCC_WARN_64_TO_32_BIT_CONVERSION = YES;
				GCC_WARN_ABOUT_RETURN_TYPE = YES_ERROR;
				GCC_WARN_UNDECLARED_SELECTOR = YES;
				GCC_WARN_UNINITIALIZED_AUTOS = YES_AGGRESSIVE;
				GCC_WARN_UNUSED_FUNCTION = YES;
				GCC_WARN_UNUSED_VARIABLE = YES;
				IPHONEOS_DEPLOYMENT_TARGET = 15.2;
				MTL_ENABLE_DEBUG_INFO = NO;
				MTL_FAST_MATH = YES;
				SDKROOT = iphoneos;
				SWIFT_COMPILATION_MODE = wholemodule;
				SWIFT_OPTIMIZATION_LEVEL = "-O";
				VALIDATE_PRODUCT = YES;
			};
			name = Release;
		};
		045121AD27D2187700936E2C /* Debug */ = {
			isa = XCBuildConfiguration;
			buildSettings = {
				ASSETCATALOG_COMPILER_APPICON_NAME = AppIcon;
				ASSETCATALOG_COMPILER_GLOBAL_ACCENT_COLOR_NAME = AccentColor;
				CODE_SIGN_STYLE = Automatic;
				CURRENT_PROJECT_VERSION = 1;
				DEVELOPMENT_ASSET_PATHS = "\"Triangles and the Brance/Preview Content\"";
				DEVELOPMENT_TEAM = XGQX3VL4R8;
				ENABLE_PREVIEWS = YES;
				GENERATE_INFOPLIST_FILE = YES;
				INFOPLIST_KEY_UIApplicationSceneManifest_Generation = YES;
				INFOPLIST_KEY_UIApplicationSupportsIndirectInputEvents = YES;
				INFOPLIST_KEY_UILaunchScreen_Generation = YES;
				INFOPLIST_KEY_UISupportedInterfaceOrientations_iPad = "UIInterfaceOrientationPortrait UIInterfaceOrientationPortraitUpsideDown UIInterfaceOrientationLandscapeLeft UIInterfaceOrientationLandscapeRight";
				INFOPLIST_KEY_UISupportedInterfaceOrientations_iPhone = "UIInterfaceOrientationPortrait UIInterfaceOrientationLandscapeLeft UIInterfaceOrientationLandscapeRight";
				LD_RUNPATH_SEARCH_PATHS = (
					"$(inherited)",
					"@executable_path/Frameworks",
				);
				MARKETING_VERSION = 1.0;
				PRODUCT_BUNDLE_IDENTIFIER = "com.puzzle.morihonn-t.Triangles-and-the-Brance";
				PRODUCT_NAME = "$(TARGET_NAME)";
				SWIFT_EMIT_LOC_STRINGS = YES;
				SWIFT_VERSION = 5.0;
				TARGETED_DEVICE_FAMILY = "1,2";
			};
			name = Debug;
		};
		045121AE27D2187700936E2C /* Release */ = {
			isa = XCBuildConfiguration;
			buildSettings = {
				ASSETCATALOG_COMPILER_APPICON_NAME = AppIcon;
				ASSETCATALOG_COMPILER_GLOBAL_ACCENT_COLOR_NAME = AccentColor;
				CODE_SIGN_STYLE = Automatic;
				CURRENT_PROJECT_VERSION = 1;
				DEVELOPMENT_ASSET_PATHS = "\"Triangles and the Brance/Preview Content\"";
				DEVELOPMENT_TEAM = XGQX3VL4R8;
				ENABLE_PREVIEWS = YES;
				GENERATE_INFOPLIST_FILE = YES;
				INFOPLIST_KEY_UIApplicationSceneManifest_Generation = YES;
				INFOPLIST_KEY_UIApplicationSupportsIndirectInputEvents = YES;
				INFOPLIST_KEY_UILaunchScreen_Generation = YES;
				INFOPLIST_KEY_UISupportedInterfaceOrientations_iPad = "UIInterfaceOrientationPortrait UIInterfaceOrientationPortraitUpsideDown UIInterfaceOrientationLandscapeLeft UIInterfaceOrientationLandscapeRight";
				INFOPLIST_KEY_UISupportedInterfaceOrientations_iPhone = "UIInterfaceOrientationPortrait UIInterfaceOrientationLandscapeLeft UIInterfaceOrientationLandscapeRight";
				LD_RUNPATH_SEARCH_PATHS = (
					"$(inherited)",
					"@executable_path/Frameworks",
				);
				MARKETING_VERSION = 1.0;
				PRODUCT_BUNDLE_IDENTIFIER = "com.puzzle.morihonn-t.Triangles-and-the-Brance";
				PRODUCT_NAME = "$(TARGET_NAME)";
				SWIFT_EMIT_LOC_STRINGS = YES;
				SWIFT_VERSION = 5.0;
				TARGETED_DEVICE_FAMILY = "1,2";
			};
			name = Release;
		};
		045121C627D44DB300936E2C /* Debug */ = {
			isa = XCBuildConfiguration;
			buildSettings = {
				BUNDLE_LOADER = "$(TEST_HOST)";
				CODE_SIGN_STYLE = Automatic;
				CURRENT_PROJECT_VERSION = 1;
				DEVELOPMENT_TEAM = XGQX3VL4R8;
				GENERATE_INFOPLIST_FILE = YES;
				MARKETING_VERSION = 1.0;
				PRODUCT_BUNDLE_IDENTIFIER = "com.puzzle.morihonn-t.Triangles-and-the-BranceTests";
				PRODUCT_NAME = "$(TARGET_NAME)";
				SWIFT_EMIT_LOC_STRINGS = NO;
				SWIFT_VERSION = 5.0;
				TARGETED_DEVICE_FAMILY = "1,2";
				TEST_HOST = "$(BUILT_PRODUCTS_DIR)/Triangles and the Brance.app/Triangles and the Brance";
			};
			name = Debug;
		};
		045121C727D44DB300936E2C /* Release */ = {
			isa = XCBuildConfiguration;
			buildSettings = {
				BUNDLE_LOADER = "$(TEST_HOST)";
				CODE_SIGN_STYLE = Automatic;
				CURRENT_PROJECT_VERSION = 1;
				DEVELOPMENT_TEAM = XGQX3VL4R8;
				GENERATE_INFOPLIST_FILE = YES;
				MARKETING_VERSION = 1.0;
				PRODUCT_BUNDLE_IDENTIFIER = "com.puzzle.morihonn-t.Triangles-and-the-BranceTests";
				PRODUCT_NAME = "$(TARGET_NAME)";
				SWIFT_EMIT_LOC_STRINGS = NO;
				SWIFT_VERSION = 5.0;
				TARGETED_DEVICE_FAMILY = "1,2";
				TEST_HOST = "$(BUILT_PRODUCTS_DIR)/Triangles and the Brance.app/Triangles and the Brance";
			};
			name = Release;
		};
/* End XCBuildConfiguration section */

/* Begin XCConfigurationList section */
		0451219927D2187600936E2C /* Build configuration list for PBXProject "Triangles and the Brance" */ = {
			isa = XCConfigurationList;
			buildConfigurations = (
				045121AA27D2187700936E2C /* Debug */,
				045121AB27D2187700936E2C /* Release */,
			);
			defaultConfigurationIsVisible = 0;
			defaultConfigurationName = Release;
		};
		045121AC27D2187700936E2C /* Build configuration list for PBXNativeTarget "Triangles and the Brance" */ = {
			isa = XCConfigurationList;
			buildConfigurations = (
				045121AD27D2187700936E2C /* Debug */,
				045121AE27D2187700936E2C /* Release */,
			);
			defaultConfigurationIsVisible = 0;
			defaultConfigurationName = Release;
		};
		045121C527D44DB300936E2C /* Build configuration list for PBXNativeTarget "Triangles and the BranceTests" */ = {
			isa = XCConfigurationList;
			buildConfigurations = (
				045121C627D44DB300936E2C /* Debug */,
				045121C727D44DB300936E2C /* Release */,
			);
			defaultConfigurationIsVisible = 0;
			defaultConfigurationName = Release;
		};
/* End XCConfigurationList section */

/* Begin XCVersionGroup section */
		045A2057283CB51E003704C3 /* CoreDataModel.xcdatamodeld */ = {
			isa = XCVersionGroup;
			children = (
				045A2058283CB51E003704C3 /* CoreDataModel.xcdatamodel */,
			);
			currentVersion = 045A2058283CB51E003704C3 /* CoreDataModel.xcdatamodel */;
			path = CoreDataModel.xcdatamodeld;
			sourceTree = "<group>";
			versionGroupType = wrapper.xcdatamodel;
		};
/* End XCVersionGroup section */
	};
	rootObject = 0451219627D2187600936E2C /* Project object */;
}
